// !$*UTF8*$!
{
	archiveVersion = 1;
	classes = {
	};
	objectVersion = 56;
	objects = {

/* Begin PBXBuildFile section */
		BF1000010000000000000001 /* XiaziSaysApp.swift in Sources */ = {isa = PBXBuildFile; fileRef = BF1000010000000000000101 /* XiaziSaysApp.swift */; };
		BF1000010000000000000002 /* ContentView.swift in Sources */ = {isa = PBXBuildFile; fileRef = BF1000010000000000000102 /* ContentView.swift */; };
		BF1000010000000000000003 /* AppConfiguration.swift in Sources */ = {isa = PBXBuildFile; fileRef = BF1000010000000000000103 /* AppConfiguration.swift */; };
		BF1000010000000000000005 /* Web/WebViewState.swift in Sources */ = {isa = PBXBuildFile; fileRef = BF1000010000000000000105 /* Web/WebViewState.swift */; };
		BF1000010000000000000006 /* Web/NativeBridge.swift in Sources */ = {isa = PBXBuildFile; fileRef = BF1000010000000000000106 /* Web/NativeBridge.swift */; };
		BF1000010000000000000007 /* Web/XiaziWebView.swift in Sources */ = {isa = PBXBuildFile; fileRef = BF1000010000000000000107 /* Web/XiaziWebView.swift */; };
		BF1000010000000000000008 /* Assets.xcassets in Resources */ = {isa = PBXBuildFile; fileRef = BF1000010000000000000110 /* Assets.xcassets */; };
		BF1000010000000000000009 /* PrivacyInfo.xcprivacy in Resources */ = {isa = PBXBuildFile; fileRef = BF1000010000000000000111 /* PrivacyInfo.xcprivacy */; };
		BF1000010000000000000010 /* InfoPlist.strings in Resources */ = {isa = PBXBuildFile; fileRef = BF1000010000000000000304 /* InfoPlist.strings */; };
		BF1000010000000000000011 /* LaunchScreen.storyboard in Resources */ = {isa = PBXBuildFile; fileRef = BF1000010000000000000114 /* LaunchScreen.storyboard */; };
		BF1000010000000000000012 /* Ads/AdMobManager.swift in Sources */ = {isa = PBXBuildFile; fileRef = BF1000010000000000000115 /* Ads/AdMobManager.swift */; };
		BF1000010000000000000013 /* Ads/AdMobNativeCard.swift in Sources */ = {isa = PBXBuildFile; fileRef = BF1000010000000000000116 /* Ads/AdMobNativeCard.swift */; };
		BF1000010000000000000014 /* GoogleMobileAds in Frameworks */ = {isa = PBXBuildFile; productRef = BF1000010000000000000802 /* GoogleMobileAds */; };
/* End PBXBuildFile section */

/* Begin PBXFileReference section */
		BF1000010000000000000101 /* XiaziSaysApp.swift */ = {isa = PBXFileReference; lastKnownFileType = sourcecode.swift; path = XiaziSaysApp.swift; sourceTree = "<group>"; };
		BF1000010000000000000102 /* ContentView.swift */ = {isa = PBXFileReference; lastKnownFileType = sourcecode.swift; path = ContentView.swift; sourceTree = "<group>"; };
		BF1000010000000000000103 /* AppConfiguration.swift */ = {isa = PBXFileReference; lastKnownFileType = sourcecode.swift; path = AppConfiguration.swift; sourceTree = "<group>"; };
		BF1000010000000000000105 /* Web/WebViewState.swift */ = {isa = PBXFileReference; lastKnownFileType = sourcecode.swift; path = Web/WebViewState.swift; sourceTree = "<group>"; };
		BF1000010000000000000106 /* Web/NativeBridge.swift */ = {isa = PBXFileReference; lastKnownFileType = sourcecode.swift; path = Web/NativeBridge.swift; sourceTree = "<group>"; };
		BF1000010000000000000107 /* Web/XiaziWebView.swift */ = {isa = PBXFileReference; lastKnownFileType = sourcecode.swift; path = Web/XiaziWebView.swift; sourceTree = "<group>"; };
		BF1000010000000000000109 /* XiaziSays.app */ = {isa = PBXFileReference; explicitFileType = wrapper.application; includeInIndex = 0; path = XiaziSays.app; sourceTree = BUILT_PRODUCTS_DIR; };
		BF1000010000000000000110 /* Assets.xcassets */ = {isa = PBXFileReference; lastKnownFileType = folder.assetcatalog; path = Assets.xcassets; sourceTree = "<group>"; };
		BF1000010000000000000111 /* PrivacyInfo.xcprivacy */ = {isa = PBXFileReference; lastKnownFileType = text.plist.xml; path = PrivacyInfo.xcprivacy; sourceTree = "<group>"; };
		BF1000010000000000000112 /* en */ = {isa = PBXFileReference; lastKnownFileType = text.plist.strings; name = en; path = en.lproj/InfoPlist.strings; sourceTree = "<group>"; };
		BF1000010000000000000113 /* zh-Hans */ = {isa = PBXFileReference; lastKnownFileType = text.plist.strings; name = "zh-Hans"; path = "zh-Hans.lproj/InfoPlist.strings"; sourceTree = "<group>"; };
		BF1000010000000000000114 /* LaunchScreen.storyboard */ = {isa = PBXFileReference; lastKnownFileType = file.storyboard; path = LaunchScreen.storyboard; sourceTree = "<group>"; };
		BF1000010000000000000115 /* Ads/AdMobManager.swift */ = {isa = PBXFileReference; lastKnownFileType = sourcecode.swift; path = AdMobManager.swift; sourceTree = "<group>"; };
		BF1000010000000000000116 /* Ads/AdMobNativeCard.swift */ = {isa = PBXFileReference; lastKnownFileType = sourcecode.swift; path = AdMobNativeCard.swift; sourceTree = "<group>"; };
		BF1000010000000000000117 /* Ads/DebugAdMob-Info.plist */ = {isa = PBXFileReference; lastKnownFileType = text.plist.xml; path = "DebugAdMob-Info.plist"; sourceTree = "<group>"; };
/* End PBXFileReference section */

/* Begin PBXFrameworksBuildPhase section */
		BF1000010000000000000201 /* Frameworks */ = {
			isa = PBXFrameworksBuildPhase;
			buildActionMask = 2147483647;
			files = (
				BF1000010000000000000014 /* GoogleMobileAds in Frameworks */,
			);
			runOnlyForDeploymentPostprocessing = 0;
		};
/* End PBXFrameworksBuildPhase section */

/* Begin PBXGroup section */
		BF1000010000000000000301 = {
			isa = PBXGroup;
			children = (
				BF1000010000000000000302,
				BF1000010000000000000303 /* Products */,
			);
			sourceTree = "<group>";
		};
		BF1000010000000000000302 = {
			isa = PBXGroup;
			children = (
				BF1000010000000000000101 /* XiaziSaysApp.swift */,
				BF1000010000000000000102 /* ContentView.swift */,
				BF1000010000000000000103 /* AppConfiguration.swift */,
				BF1000010000000000000306 /* Ads */,
				BF1000010000000000000105 /* Web/WebViewState.swift */,
				BF1000010000000000000106 /* Web/NativeBridge.swift */,
				BF1000010000000000000107 /* Web/XiaziWebView.swift */,
				BF1000010000000000000305 /* Resources */,
			);
			sourceTree = "<group>";
		};
		BF1000010000000000000305 /* Resources */ = {
			isa = PBXGroup;
			children = (
				BF1000010000000000000110 /* Assets.xcassets */,
				BF1000010000000000000114 /* LaunchScreen.storyboard */,
				BF1000010000000000000111 /* PrivacyInfo.xcprivacy */,
				BF1000010000000000000304 /* InfoPlist.strings */,
			);
			path = Resources;
			sourceTree = "<group>";
		};
		BF1000010000000000000306 /* Ads */ = {
			isa = PBXGroup;
			children = (
				BF1000010000000000000115 /* Ads/AdMobManager.swift */,
				BF1000010000000000000116 /* Ads/AdMobNativeCard.swift */,
				BF1000010000000000000117 /* Ads/DebugAdMob-Info.plist */,
			);
			path = Ads;
			sourceTree = "<group>";
		};
		BF1000010000000000000303 /* Products */ = {
			isa = PBXGroup;
			children = (
				BF1000010000000000000109 /* XiaziSays.app */,
			);
			name = Products;
			sourceTree = "<group>";
		};
/* End PBXGroup section */

/* Begin PBXNativeTarget section */
		BF1000010000000000000401 /* XiaziSays */ = {
			isa = PBXNativeTarget;
			buildConfigurationList = BF1000010000000000000602 /* Build configuration list for PBXNativeTarget "XiaziSays" */;
			buildPhases = (
				BF1000010000000000000202 /* Sources */,
				BF1000010000000000000201 /* Frameworks */,
				BF1000010000000000000203 /* Resources */,
			);
			buildRules = (
			);
			dependencies = (
			);
			name = XiaziSays;
			packageProductDependencies = (
				BF1000010000000000000802 /* GoogleMobileAds */,
			);
			productName = XiaziSays;
			productReference = BF1000010000000000000109 /* XiaziSays.app */;
			productType = "com.apple.product-type.application";
		};
/* End PBXNativeTarget section */

/* Begin PBXProject section */
		BF1000010000000000000501 /* Project object */ = {
			isa = PBXProject;
			attributes = {
				BuildIndependentTargetsInParallel = 1;
				LastSwiftUpdateCheck = 2660;
				LastUpgradeCheck = 2660;
				TargetAttributes = {
					BF1000010000000000000401 = {
						CreatedOnToolsVersion = 26.6;
					};
				};
			};
			buildConfigurationList = BF1000010000000000000601 /* Build configuration list for PBXProject "XiaziSays" */;
			compatibilityVersion = "Xcode 14.0";
			developmentRegion = en;
			hasScannedForEncodings = 0;
			knownRegions = (
				en,
				Base,
				"zh-Hans",
			);
			mainGroup = BF1000010000000000000301;
			packageReferences = (
				BF1000010000000000000801 /* XCRemoteSwiftPackageReference "swift-package-manager-google-mobile-ads" */,
			);
			productRefGroup = BF1000010000000000000303 /* Products */;
			projectDirPath = "";
			projectRoot = "";
			targets = (
				BF1000010000000000000401 /* XiaziSays */,
			);
		};
/* End PBXProject section */

/* Begin PBXResourcesBuildPhase section */
		BF1000010000000000000203 /* Resources */ = {
			isa = PBXResourcesBuildPhase;
			buildActionMask = 2147483647;
			files = (
				BF1000010000000000000008 /* Assets.xcassets in Resources */,
				BF1000010000000000000011 /* LaunchScreen.storyboard in Resources */,
				BF1000010000000000000009 /* PrivacyInfo.xcprivacy in Resources */,
				BF1000010000000000000010 /* InfoPlist.strings in Resources */,
			);
			runOnlyForDeploymentPostprocessing = 0;
		};
/* End PBXResourcesBuildPhase section */

/* Begin PBXSourcesBuildPhase section */
		BF1000010000000000000202 /* Sources */ = {
			isa = PBXSourcesBuildPhase;
			buildActionMask = 2147483647;
			files = (
				BF1000010000000000000001 /* XiaziSaysApp.swift in Sources */,
				BF1000010000000000000002 /* ContentView.swift in Sources */,
				BF1000010000000000000003 /* AppConfiguration.swift in Sources */,
				BF1000010000000000000012 /* Ads/AdMobManager.swift in Sources */,
				BF1000010000000000000013 /* Ads/AdMobNativeCard.swift in Sources */,
				BF1000010000000000000005 /* Web/WebViewState.swift in Sources */,
				BF1000010000000000000006 /* Web/NativeBridge.swift in Sources */,
				BF1000010000000000000007 /* Web/XiaziWebView.swift in Sources */,
			);
			runOnlyForDeploymentPostprocessing = 0;
		};
/* End PBXSourcesBuildPhase section */

/* Begin XCBuildConfiguration section */
		BF1000010000000000000701 /* Debug */ = {
			isa = XCBuildConfiguration;
			buildSettings = {
				ALWAYS_SEARCH_USER_PATHS = NO;
				CLANG_ENABLE_MODULES = YES;
				CLANG_ENABLE_OBJC_ARC = YES;
				COPY_PHASE_STRIP = NO;
				DEBUG_INFORMATION_FORMAT = dwarf;
				ENABLE_STRICT_OBJC_MSGSEND = YES;
				GCC_C_LANGUAGE_STANDARD = gnu17;
				GCC_NO_COMMON_BLOCKS = YES;
				GCC_OPTIMIZATION_LEVEL = 0;
				GCC_PREPROCESSOR_DEFINITIONS = (
					"DEBUG=1",
					"$(inherited)",
				);
				IPHONEOS_DEPLOYMENT_TARGET = 17.0;
				MTL_ENABLE_DEBUG_INFO = INCLUDE_SOURCE;
				ONLY_ACTIVE_ARCH = YES;
				SDKROOT = iphoneos;
				SWIFT_ACTIVE_COMPILATION_CONDITIONS = DEBUG;
				SWIFT_OPTIMIZATION_LEVEL = "-Onone";
			};
			name = Debug;
		};
		BF1000010000000000000702 /* Release */ = {
			isa = XCBuildConfiguration;
			buildSettings = {
				ALWAYS_SEARCH_USER_PATHS = NO;
				CLANG_ENABLE_MODULES = YES;
				CLANG_ENABLE_OBJC_ARC = YES;
				COPY_PHASE_STRIP = NO;
				DEBUG_INFORMATION_FORMAT = "dwarf-with-dsym";
				ENABLE_NS_ASSERTIONS = NO;
				ENABLE_STRICT_OBJC_MSGSEND = YES;
				GCC_C_LANGUAGE_STANDARD = gnu17;
				GCC_NO_COMMON_BLOCKS = YES;
				IPHONEOS_DEPLOYMENT_TARGET = 17.0;
				MTL_ENABLE_DEBUG_INFO = NO;
				SDKROOT = iphoneos;
				SWIFT_COMPILATION_MODE = wholemodule;
				SWIFT_OPTIMIZATION_LEVEL = "-O";
			};
			name = Release;
		};
		BF1000010000000000000703 /* Debug */ = {
			isa = XCBuildConfiguration;
			buildSettings = {
				ASSETCATALOG_COMPILER_APPICON_NAME = AppIcon;
				CODE_SIGN_STYLE = Automatic;
				CURRENT_PROJECT_VERSION = 2;
				DEVELOPMENT_TEAM = L855ZVM679;
				GENERATE_INFOPLIST_FILE = NO;
				INFOPLIST_FILE = "Ads/DebugAdMob-Info.plist";
				IPHONEOS_DEPLOYMENT_TARGET = 17.0;
				MARKETING_VERSION = 1.0;
				PRODUCT_BUNDLE_IDENTIFIER = com.xiazishuo.app;
				PRODUCT_NAME = "$(TARGET_NAME)";
				SUPPORTED_PLATFORMS = "iphoneos iphonesimulator";
				SUPPORTS_MAC_DESIGNED_FOR_IPHONE_IPAD = NO;
				SWIFT_VERSION = 5.0;
				TARGETED_DEVICE_FAMILY = 1;
			};
			name = Debug;
		};
		BF1000010000000000000704 /* Release */ = {
			isa = XCBuildConfiguration;
			buildSettings = {
				ASSETCATALOG_COMPILER_APPICON_NAME = AppIcon;
				CODE_SIGN_STYLE = Automatic;
				CURRENT_PROJECT_VERSION = 2;
				DEVELOPMENT_TEAM = L855ZVM679;
				GENERATE_INFOPLIST_FILE = YES;
				INFOPLIST_KEY_CFBundleDisplayName = "Xiazi Says";
				INFOPLIST_KEY_ITSAppUsesNonExemptEncryption = NO;
				INFOPLIST_KEY_UIApplicationSceneManifest_Generation = YES;
				INFOPLIST_KEY_UIApplicationSupportsIndirectInputEvents = YES;
				INFOPLIST_KEY_UILaunchScreen_Generation = NO;
				INFOPLIST_KEY_UILaunchStoryboardName = LaunchScreen;
				INFOPLIST_KEY_UISupportedInterfaceOrientations = UIInterfaceOrientationPortrait;
				IPHONEOS_DEPLOYMENT_TARGET = 17.0;
				MARKETING_VERSION = 1.0;
				PRODUCT_BUNDLE_IDENTIFIER = com.xiazishuo.app;
				PRODUCT_NAME = "$(TARGET_NAME)";
				SUPPORTED_PLATFORMS = "iphoneos iphonesimulator";
				SUPPORTS_MAC_DESIGNED_FOR_IPHONE_IPAD = NO;
				SWIFT_VERSION = 5.0;
				TARGETED_DEVICE_FAMILY = 1;
			};
			name = Release;
		};
/* End XCBuildConfiguration section */

/* Begin XCConfigurationList section */
		BF1000010000000000000601 /* Build configuration list for PBXProject "XiaziSays" */ = {
			isa = XCConfigurationList;
			buildConfigurations = (
				BF1000010000000000000701 /* Debug */,
				BF1000010000000000000702 /* Release */,
			);
			defaultConfigurationIsVisible = 0;
			defaultConfigurationName = Release;
		};
		BF1000010000000000000602 /* Build configuration list for PBXNativeTarget "XiaziSays" */ = {
			isa = XCConfigurationList;
			buildConfigurations = (
				BF1000010000000000000703 /* Debug */,
				BF1000010000000000000704 /* Release */,
			);
			defaultConfigurationIsVisible = 0;
			defaultConfigurationName = Release;
		};
/* End XCConfigurationList section */

/* Begin XCRemoteSwiftPackageReference section */
		BF1000010000000000000801 /* XCRemoteSwiftPackageReference "swift-package-manager-google-mobile-ads" */ = {
			isa = XCRemoteSwiftPackageReference;
			repositoryURL = "https://github.com/googleads/swift-package-manager-google-mobile-ads.git";
			requirement = {
				kind = upToNextMajorVersion;
				minimumVersion = 13.8.0;
			};
		};
/* End XCRemoteSwiftPackageReference section */

/* Begin XCSwiftPackageProductDependency section */
		BF1000010000000000000802 /* GoogleMobileAds */ = {
			isa = XCSwiftPackageProductDependency;
			package = BF1000010000000000000801 /* XCRemoteSwiftPackageReference "swift-package-manager-google-mobile-ads" */;
			productName = GoogleMobileAds;
		};
/* End XCSwiftPackageProductDependency section */

/* Begin PBXVariantGroup section */
		BF1000010000000000000304 /* InfoPlist.strings */ = {
			isa = PBXVariantGroup;
			children = (
				BF1000010000000000000112 /* en */,
				BF1000010000000000000113 /* zh-Hans */,
			);
			name = InfoPlist.strings;
			sourceTree = "<group>";
		};
/* End PBXVariantGroup section */
	};
	rootObject = BF1000010000000000000501 /* Project object */;
}
